
Microsoft Visual Studio Solution File, Format Version 12.00
# Visual Studio Version 16
VisualStudioVersion = 16.0.31424.327
MinimumVisualStudioVersion = 10.0.40219.1
Project("{FAE04EC0-301F-11D3-BF4B-00C04F79EFBC}") = "ManageStudent", "ManageStudent.csproj", "{7CA2EA89-7E42-4B5A-9DD7-A7A8307BE329}"
EndProject
Project("{FAE04EC0-301F-11D3-BF4B-00C04F79EFBC}") = "BusinessLayer", "..\BusinessLayer\BusinessLayer.csproj", "{E36986E9-DEE6-48B9-ADC0-78028A93EF07}"
EndProject
Project("{FAE04EC0-301F-11D3-BF4B-00C04F79EFBC}") = "DataAccessLayer", "..\DataAccessLayer\DataAccessLayer.csproj", "{91E52EC1-F1F5-4498-BE6A-B2248AE5EB18}"
EndProject
Global
	GlobalSection(SolutionConfigurationPlatforms) = preSolution
		Debug|Any CPU = Debug|Any CPU
		Release|Any CPU = Release|Any CPU
	EndGlobalSection
	GlobalSection(ProjectConfigurationPlatforms) = postSolution
		{7CA2EA89-7E42-4B5A-9DD7-A7A8307BE329}.Debug|Any CPU.ActiveCfg = Debug|Any CPU
		{7CA2EA89-7E42-4B5A-9DD7-A7A8307BE329}.Debug|Any CPU.Build.0 = Debug|Any CPU
		{7CA2EA89-7E42-4B5A-9DD7-A7A8307BE329}.Release|Any CPU.ActiveCfg = Release|Any CPU
		{7CA2EA89-7E42-4B5A-9DD7-A7A8307BE329}.Release|Any CPU.Build.0 = Release|Any CPU
		{E36986E9-DEE6-48B9-ADC0-78028A93EF07}.Debug|Any CPU.ActiveCfg = Debug|Any CPU
		{E36986E9-DEE6-48B9-ADC0-78028A93EF07}.Debug|Any CPU.Build.0 = Debug|Any CPU
		{E36986E9-DEE6-48B9-ADC0-78028A93EF07}.Release|Any CPU.ActiveCfg = Release|Any CPU
		{E36986E9-DEE6-48B9-ADC0-78028A93EF07}.Release|Any CPU.Build.0 = Release|Any CPU
		{91E52EC1-F1F5-4498-BE6A-B2248AE5EB18}.Debug|Any CPU.ActiveCfg = Debug|Any CPU
		{91E52EC1-F1F5-4498-BE6A-B2248AE5EB18}.Debug|Any CPU.Build.0 = Debug|Any CPU
		{91E52EC1-F1F5-4498-BE6A-B2248AE5EB18}.Release|Any CPU.ActiveCfg = Release|Any CPU
		{91E52EC1-F1F5-4498-BE6A-B2248AE5EB18}.Release|Any CPU.Build.0 = Release|Any CPU
	EndGlobalSection
	GlobalSection(SolutionProperties) = preSolution
		HideSolutionNode = FALSE
	EndGlobalSection
	GlobalSection(ExtensibilityGlobals) = postSolution
		SolutionGuid = {EE8E0401-718C-40CE-9E3B-143C4586BCF0}
	EndGlobalSection
EndGlobal
